// !$*UTF8*$!
{
	archiveVersion = 1;
	classes = {
	};
	objectVersion = 46;
	objects = {

/* Begin PBXBuildFile section */
		C23776DD1C8524A200FF04A5 /* main.m in Sources */ = {isa = PBXBuildFile; fileRef = C23776DC1C8524A200FF04A5 /* main.m */; };
		C23776E01C8524A200FF04A5 /* AppDelegate.m in Sources */ = {isa = PBXBuildFile; fileRef = C23776DF1C8524A200FF04A5 /* AppDelegate.m */; };
		C23776E31C8524A200FF04A5 /* ViewController.m in Sources */ = {isa = PBXBuildFile; fileRef = C23776E21C8524A200FF04A5 /* ViewController.m */; };
		C23776E61C8524A200FF04A5 /* Main.storyboard in Resources */ = {isa = PBXBuildFile; fileRef = C23776E41C8524A200FF04A5 /* Main.storyboard */; };
		C23776E81C8524A200FF04A5 /* Assets.xcassets in Resources */ = {isa = PBXBuildFile; fileRef = C23776E71C8524A200FF04A5 /* Assets.xcassets */; };
		C23776EB1C8524A200FF04A5 /* LaunchScreen.storyboard in Resources */ = {isa = PBXBuildFile; fileRef = C23776E91C8524A200FF04A5 /* LaunchScreen.storyboard */; };
		C24E17BE1C893B7200DC5562 /* registerViewController.m in Sources */ = {isa = PBXBuildFile; fileRef = C24E17BD1C893B7200DC5562 /* registerViewController.m */; };
		C24E17CC1C8978DC00DC5562 /* libsqlite3.0.tbd in Frameworks */ = {isa = PBXBuildFile; fileRef = C24E17CB1C8978DC00DC5562 /* libsqlite3.0.tbd */; };
		C2603AB01C85280300D7C240 /* RECommonFunctions.m in Sources */ = {isa = PBXBuildFile; fileRef = C2603AAB1C85280300D7C240 /* RECommonFunctions.m */; };
		C2603AB11C85280300D7C240 /* RESideMenu.m in Sources */ = {isa = PBXBuildFile; fileRef = C2603AAD1C85280300D7C240 /* RESideMenu.m */; };
		C2603AB21C85280300D7C240 /* UIViewController+RESideMenu.m in Sources */ = {isa = PBXBuildFile; fileRef = C2603AAF1C85280300D7C240 /* UIViewController+RESideMenu.m */; };
		C2603ABA1C85286300D7C240 /* LeftViewController.m in Sources */ = {isa = PBXBuildFile; fileRef = C2603AB91C85286300D7C240 /* LeftViewController.m */; };
		C2603ABC1C852A5D00D7C240 /* fenlei.png in Resources */ = {isa = PBXBuildFile; fileRef = C2603ABB1C852A5D00D7C240 /* fenlei.png */; };
		C2603AC11C852BAB00D7C240 /* WordsViewController.m in Sources */ = {isa = PBXBuildFile; fileRef = C2603ABF1C852BAB00D7C240 /* WordsViewController.m */; };
		C2603AC21C852BAB00D7C240 /* WordsViewController.xib in Resources */ = {isa = PBXBuildFile; fileRef = C2603AC01C852BAB00D7C240 /* WordsViewController.xib */; };
		C2603AC61C852BCD00D7C240 /* VoicesViewController.m in Sources */ = {isa = PBXBuildFile; fileRef = C2603AC41C852BCD00D7C240 /* VoicesViewController.m */; };
		C2603AC71C852BCD00D7C240 /* VoicesViewController.xib in Resources */ = {isa = PBXBuildFile; fileRef = C2603AC51C852BCD00D7C240 /* VoicesViewController.xib */; };
		C2603AD01C852BF100D7C240 /* SearchViewController.m in Sources */ = {isa = PBXBuildFile; fileRef = C2603ACE1C852BF100D7C240 /* SearchViewController.m */; };
		C2603AD11C852BF100D7C240 /* SearchViewController.xib in Resources */ = {isa = PBXBuildFile; fileRef = C2603ACF1C852BF100D7C240 /* SearchViewController.xib */; };
		C2603B031C85BB3200D7C240 /* MKAnnotationView+WebCache.m in Sources */ = {isa = PBXBuildFile; fileRef = C2603AE31C85BB3200D7C240 /* MKAnnotationView+WebCache.m */; };
		C2603B041C85BB3200D7C240 /* NSData+ImageContentType.m in Sources */ = {isa = PBXBuildFile; fileRef = C2603AE51C85BB3200D7C240 /* NSData+ImageContentType.m */; };
		C2603B051C85BB3200D7C240 /* SDImageCache.m in Sources */ = {isa = PBXBuildFile; fileRef = C2603AE71C85BB3200D7C240 /* SDImageCache.m */; };
		C2603B061C85BB3200D7C240 /* SDWebImageCompat.m in Sources */ = {isa = PBXBuildFile; fileRef = C2603AE91C85BB3200D7C240 /* SDWebImageCompat.m */; };
		C2603B071C85BB3200D7C240 /* SDWebImageDecoder.m in Sources */ = {isa = PBXBuildFile; fileRef = C2603AEB1C85BB3200D7C240 /* SDWebImageDecoder.m */; };
		C2603B081C85BB3200D7C240 /* SDWebImageDownloader.m in Sources */ = {isa = PBXBuildFile; fileRef = C2603AED1C85BB3200D7C240 /* SDWebImageDownloader.m */; };
		C2603B091C85BB3200D7C240 /* SDWebImageDownloaderOperation.m in Sources */ = {isa = PBXBuildFile; fileRef = C2603AEF1C85BB3200D7C240 /* SDWebImageDownloaderOperation.m */; };
		C2603B0A1C85BB3200D7C240 /* SDWebImageManager.m in Sources */ = {isa = PBXBuildFile; fileRef = C2603AF11C85BB3200D7C240 /* SDWebImageManager.m */; };
		C2603B0B1C85BB3200D7C240 /* SDWebImagePrefetcher.m in Sources */ = {isa = PBXBuildFile; fileRef = C2603AF41C85BB3200D7C240 /* SDWebImagePrefetcher.m */; };
		C2603B0C1C85BB3200D7C240 /* UIButton+WebCache.m in Sources */ = {isa = PBXBuildFile; fileRef = C2603AF61C85BB3200D7C240 /* UIButton+WebCache.m */; };
		C2603B0D1C85BB3200D7C240 /* UIImage+GIF.m in Sources */ = {isa = PBXBuildFile; fileRef = C2603AF81C85BB3200D7C240 /* UIImage+GIF.m */; };
		C2603B0E1C85BB3200D7C240 /* UIImage+MultiFormat.m in Sources */ = {isa = PBXBuildFile; fileRef = C2603AFA1C85BB3200D7C240 /* UIImage+MultiFormat.m */; };
		C2603B0F1C85BB3200D7C240 /* UIImage+WebP.m in Sources */ = {isa = PBXBuildFile; fileRef = C2603AFC1C85BB3200D7C240 /* UIImage+WebP.m */; };
		C2603B101C85BB3200D7C240 /* UIImageView+HighlightedWebCache.m in Sources */ = {isa = PBXBuildFile; fileRef = C2603AFE1C85BB3200D7C240 /* UIImageView+HighlightedWebCache.m */; };
		C2603B111C85BB3200D7C240 /* UIImageView+WebCache.m in Sources */ = {isa = PBXBuildFile; fileRef = C2603B001C85BB3200D7C240 /* UIImageView+WebCache.m */; };
		C2603B121C85BB3200D7C240 /* UIView+WebCacheOperation.m in Sources */ = {isa = PBXBuildFile; fileRef = C2603B021C85BB3200D7C240 /* UIView+WebCacheOperation.m */; };
		C2603B161C85C19600D7C240 /* XiangqingViewController.m in Sources */ = {isa = PBXBuildFile; fileRef = C2603B141C85C19600D7C240 /* XiangqingViewController.m */; };
		C2603B171C85C19600D7C240 /* XiangqingViewController.xib in Resources */ = {isa = PBXBuildFile; fileRef = C2603B151C85C19600D7C240 /* XiangqingViewController.xib */; };
		C2603B1E1C85DFE300D7C240 /* UIView+YALConstraints.m in Sources */ = {isa = PBXBuildFile; fileRef = C2603B1A1C85DFE300D7C240 /* UIView+YALConstraints.m */; };
		C2603B1F1C85DFE300D7C240 /* YALContextMenuTableView.m in Sources */ = {isa = PBXBuildFile; fileRef = C2603B1D1C85DFE300D7C240 /* YALContextMenuTableView.m */; };
		C2603B251C85E16400D7C240 /* YALNavigationBar.m in Sources */ = {isa = PBXBuildFile; fileRef = C2603B241C85E16400D7C240 /* YALNavigationBar.m */; };
		C29374311C882C4F00D1ABD3 /* LoginViewController.m in Sources */ = {isa = PBXBuildFile; fileRef = C293742F1C882C4F00D1ABD3 /* LoginViewController.m */; };
		C29374361C88306400D1ABD3 /* PicViewController.m in Sources */ = {isa = PBXBuildFile; fileRef = C29374341C88306400D1ABD3 /* PicViewController.m */; };
		C29374371C88306400D1ABD3 /* PicViewController.xib in Resources */ = {isa = PBXBuildFile; fileRef = C29374351C88306400D1ABD3 /* PicViewController.xib */; };
		C2ABF1C71C86810A00A1F2CE /* Sear3DViewController.m in Sources */ = {isa = PBXBuildFile; fileRef = C2ABF1C51C86810A00A1F2CE /* Sear3DViewController.m */; };
		C2ABF1C81C86810A00A1F2CE /* Sear3DViewController.xib in Resources */ = {isa = PBXBuildFile; fileRef = C2ABF1C61C86810A00A1F2CE /* Sear3DViewController.xib */; };
		C2ABF1DA1C86C4D000A1F2CE /* MJRefresh.bundle in Resources */ = {isa = PBXBuildFile; fileRef = C2ABF1CA1C86C4D000A1F2CE /* MJRefresh.bundle */; };
		C2ABF1DB1C86C4D000A1F2CE /* MJRefreshBaseView.m in Sources */ = {isa = PBXBuildFile; fileRef = C2ABF1CD1C86C4D000A1F2CE /* MJRefreshBaseView.m */; };
		C2ABF1DC1C86C4D000A1F2CE /* MJRefreshConst.m in Sources */ = {isa = PBXBuildFile; fileRef = C2ABF1CF1C86C4D000A1F2CE /* MJRefreshConst.m */; };
		C2ABF1DD1C86C4D000A1F2CE /* MJRefreshFooterView.m in Sources */ = {isa = PBXBuildFile; fileRef = C2ABF1D11C86C4D000A1F2CE /* MJRefreshFooterView.m */; };
		C2ABF1DE1C86C4D000A1F2CE /* MJRefreshHeaderView.m in Sources */ = {isa = PBXBuildFile; fileRef = C2ABF1D31C86C4D000A1F2CE /* MJRefreshHeaderView.m */; };
		C2ABF1DF1C86C4D000A1F2CE /* UIScrollView+MJExtension.m in Sources */ = {isa = PBXBuildFile; fileRef = C2ABF1D51C86C4D000A1F2CE /* UIScrollView+MJExtension.m */; };
		C2ABF1E01C86C4D000A1F2CE /* UIScrollView+MJRefresh.m in Sources */ = {isa = PBXBuildFile; fileRef = C2ABF1D71C86C4D000A1F2CE /* UIScrollView+MJRefresh.m */; };
		C2ABF1E11C86C4D000A1F2CE /* UIView+MJExtension.m in Sources */ = {isa = PBXBuildFile; fileRef = C2ABF1D91C86C4D000A1F2CE /* UIView+MJExtension.m */; };
		C2F04F5E1C8982F800665F1B /* 1.jpg in Resources */ = {isa = PBXBuildFile; fileRef = C2F04F581C8982F800665F1B /* 1.jpg */; };
		C2F04F5F1C8982F800665F1B /* 111.jpg in Resources */ = {isa = PBXBuildFile; fileRef = C2F04F591C8982F800665F1B /* 111.jpg */; };
		C2F04F601C8982F800665F1B /* 2.jpg in Resources */ = {isa = PBXBuildFile; fileRef = C2F04F5A1C8982F800665F1B /* 2.jpg */; };
		C2F04F611C8982F800665F1B /* 3.jpg in Resources */ = {isa = PBXBuildFile; fileRef = C2F04F5B1C8982F800665F1B /* 3.jpg */; };
		C2F04F621C8982F800665F1B /* 4.jpg in Resources */ = {isa = PBXBuildFile; fileRef = C2F04F5C1C8982F800665F1B /* 4.jpg */; };
		C2F04F631C8982F800665F1B /* 5.jpg in Resources */ = {isa = PBXBuildFile; fileRef = C2F04F5D1C8982F800665F1B /* 5.jpg */; };
		C2F04F6D1C89831F00665F1B /* CQ_NetTools.m in Sources */ = {isa = PBXBuildFile; fileRef = C2F04F681C89831F00665F1B /* CQ_NetTools.m */; };
		C2F04F6E1C89831F00665F1B /* JY_NetTools.m in Sources */ = {isa = PBXBuildFile; fileRef = C2F04F6A1C89831F00665F1B /* JY_NetTools.m */; };
		C2F04F6F1C89831F00665F1B /* XU_DataBaseTool.m in Sources */ = {isa = PBXBuildFile; fileRef = C2F04F6C1C89831F00665F1B /* XU_DataBaseTool.m */; };
		C2F04F7B1C89833B00665F1B /* HomeModel.m in Sources */ = {isa = PBXBuildFile; fileRef = C2F04F721C89833B00665F1B /* HomeModel.m */; };
		C2F04F7C1C89833B00665F1B /* Person.m in Sources */ = {isa = PBXBuildFile; fileRef = C2F04F741C89833B00665F1B /* Person.m */; };
		C2F04F7D1C89833B00665F1B /* UserData.m in Sources */ = {isa = PBXBuildFile; fileRef = C2F04F761C89833B00665F1B /* UserData.m */; };
		C2F04F7E1C89833B00665F1B /* UserInformation.m in Sources */ = {isa = PBXBuildFile; fileRef = C2F04F781C89833B00665F1B /* UserInformation.m */; };
		C2F04F7F1C89833B00665F1B /* WordModel.m in Sources */ = {isa = PBXBuildFile; fileRef = C2F04F7A1C89833B00665F1B /* WordModel.m */; };
		C2F04F831C89838800665F1B /* HomeTableViewCell.m in Sources */ = {isa = PBXBuildFile; fileRef = C2F04F811C89838800665F1B /* HomeTableViewCell.m */; };
		C2F04F841C89838800665F1B /* HomeTableViewCell.xib in Resources */ = {isa = PBXBuildFile; fileRef = C2F04F821C89838800665F1B /* HomeTableViewCell.xib */; };
		C2F04F871C8983B200665F1B /* PictureView.m in Sources */ = {isa = PBXBuildFile; fileRef = C2F04F861C8983B200665F1B /* PictureView.m */; };
		C2F04F8E1C8983E300665F1B /* TableViewCell.m in Sources */ = {isa = PBXBuildFile; fileRef = C2F04F891C8983E300665F1B /* TableViewCell.m */; };
		C2F04F8F1C8983E300665F1B /* TableViewCell.xib in Resources */ = {isa = PBXBuildFile; fileRef = C2F04F8A1C8983E300665F1B /* TableViewCell.xib */; };
		C2F04F901C8983E300665F1B /* XiangTableViewCell.m in Sources */ = {isa = PBXBuildFile; fileRef = C2F04F8C1C8983E300665F1B /* XiangTableViewCell.m */; };
		C2F04F911C8983E300665F1B /* XiangTableViewCell.xib in Resources */ = {isa = PBXBuildFile; fileRef = C2F04F8D1C8983E300665F1B /* XiangTableViewCell.xib */; };
		C2F04F951C89841700665F1B /* RigrhtViewController.m in Sources */ = {isa = PBXBuildFile; fileRef = C2F04F931C89841700665F1B /* RigrhtViewController.m */; };
		C2F04F961C89841700665F1B /* RigrhtViewController.xib in Resources */ = {isa = PBXBuildFile; fileRef = C2F04F941C89841700665F1B /* RigrhtViewController.xib */; };
		C2F04F9A1C89BE4400665F1B /* 2.png in Resources */ = {isa = PBXBuildFile; fileRef = C2F04F991C89BE4400665F1B /* 2.png */; };
		C2F280DC1C891EAF00CF0766 /* HomeDetailViewController.m in Sources */ = {isa = PBXBuildFile; fileRef = C2F280D31C891EAF00CF0766 /* HomeDetailViewController.m */; };
		C2F280E01C891EAF00CF0766 /* HomeViewController.m in Sources */ = {isa = PBXBuildFile; fileRef = C2F280DA1C891EAF00CF0766 /* HomeViewController.m */; };
/* End PBXBuildFile section */

/* Begin PBXFileReference section */
		C23776D81C8524A200FF04A5 /* MindSpace.app */ = {isa = PBXFileReference; explicitFileType = wrapper.application; includeInIndex = 0; path = MindSpace.app; sourceTree = BUILT_PRODUCTS_DIR; };
		C23776DC1C8524A200FF04A5 /* main.m */ = {isa = PBXFileReference; lastKnownFileType = sourcecode.c.objc; path = main.m; sourceTree = "<group>"; };
		C23776DE1C8524A200FF04A5 /* AppDelegate.h */ = {isa = PBXFileReference; lastKnownFileType = sourcecode.c.h; path = AppDelegate.h; sourceTree = "<group>"; };
		C23776DF1C8524A200FF04A5 /* AppDelegate.m */ = {isa = PBXFileReference; lastKnownFileType = sourcecode.c.objc; path = AppDelegate.m; sourceTree = "<group>"; };
		C23776E11C8524A200FF04A5 /* ViewController.h */ = {isa = PBXFileReference; lastKnownFileType = sourcecode.c.h; path = ViewController.h; sourceTree = "<group>"; };
		C23776E21C8524A200FF04A5 /* ViewController.m */ = {isa = PBXFileReference; lastKnownFileType = sourcecode.c.objc; path = ViewController.m; sourceTree = "<group>"; };
		C23776E51C8524A200FF04A5 /* Base */ = {isa = PBXFileReference; lastKnownFileType = file.storyboard; name = Base; path = Base.lproj/Main.storyboard; sourceTree = "<group>"; };
		C23776E71C8524A200FF04A5 /* Assets.xcassets */ = {isa = PBXFileReference; lastKnownFileType = folder.assetcatalog; path = Assets.xcassets; sourceTree = "<group>"; };
		C23776EA1C8524A200FF04A5 /* Base */ = {isa = PBXFileReference; lastKnownFileType = file.storyboard; name = Base; path = Base.lproj/LaunchScreen.storyboard; sourceTree = "<group>"; };
		C23776EC1C8524A300FF04A5 /* Info.plist */ = {isa = PBXFileReference; lastKnownFileType = text.plist.xml; path = Info.plist; sourceTree = "<group>"; };
		C24E17BC1C893B7200DC5562 /* registerViewController.h */ = {isa = PBXFileReference; fileEncoding = 4; lastKnownFileType = sourcecode.c.h; path = registerViewController.h; sourceTree = "<group>"; };
		C24E17BD1C893B7200DC5562 /* registerViewController.m */ = {isa = PBXFileReference; fileEncoding = 4; lastKnownFileType = sourcecode.c.objc; path = registerViewController.m; sourceTree = "<group>"; };
		C24E17CB1C8978DC00DC5562 /* libsqlite3.0.tbd */ = {isa = PBXFileReference; lastKnownFileType = "sourcecode.text-based-dylib-definition"; name = libsqlite3.0.tbd; path = usr/lib/libsqlite3.0.tbd; sourceTree = SDKROOT; };
		C2603AAA1C85280300D7C240 /* RECommonFunctions.h */ = {isa = PBXFileReference; fileEncoding = 4; lastKnownFileType = sourcecode.c.h; path = RECommonFunctions.h; sourceTree = "<group>"; };
		C2603AAB1C85280300D7C240 /* RECommonFunctions.m */ = {isa = PBXFileReference; fileEncoding = 4; lastKnownFileType = sourcecode.c.objc; path = RECommonFunctions.m; sourceTree = "<group>"; };
		C2603AAC1C85280300D7C240 /* RESideMenu.h */ = {isa = PBXFileReference; fileEncoding = 4; lastKnownFileType = sourcecode.c.h; path = RESideMenu.h; sourceTree = "<group>"; };
		C2603AAD1C85280300D7C240 /* RESideMenu.m */ = {isa = PBXFileReference; fileEncoding = 4; lastKnownFileType = sourcecode.c.objc; path = RESideMenu.m; sourceTree = "<group>"; };
		C2603AAE1C85280300D7C240 /* UIViewController+RESideMenu.h */ = {isa = PBXFileReference; fileEncoding = 4; lastKnownFileType = sourcecode.c.h; path = "UIViewController+RESideMenu.h"; sourceTree = "<group>"; };
		C2603AAF1C85280300D7C240 /* UIViewController+RESideMenu.m */ = {isa = PBXFileReference; fileEncoding = 4; lastKnownFileType = sourcecode.c.objc; path = "UIViewController+RESideMenu.m"; sourceTree = "<group>"; };
		C2603AB81C85286300D7C240 /* LeftViewController.h */ = {isa = PBXFileReference; fileEncoding = 4; lastKnownFileType = sourcecode.c.h; path = LeftViewController.h; sourceTree = "<group>"; };
		C2603AB91C85286300D7C240 /* LeftViewController.m */ = {isa = PBXFileReference; fileEncoding = 4; lastKnownFileType = sourcecode.c.objc; path = LeftViewController.m; sourceTree = "<group>"; };
		C2603ABB1C852A5D00D7C240 /* fenlei.png */ = {isa = PBXFileReference; lastKnownFileType = image.png; path = fenlei.png; sourceTree = "<group>"; };
		C2603ABE1C852BAB00D7C240 /* WordsViewController.h */ = {isa = PBXFileReference; fileEncoding = 4; lastKnownFileType = sourcecode.c.h; path = WordsViewController.h; sourceTree = "<group>"; };
		C2603ABF1C852BAB00D7C240 /* WordsViewController.m */ = {isa = PBXFileReference; fileEncoding = 4; lastKnownFileType = sourcecode.c.objc; path = WordsViewController.m; sourceTree = "<group>"; };
		C2603AC01C852BAB00D7C240 /* WordsViewController.xib */ = {isa = PBXFileReference; fileEncoding = 4; lastKnownFileType = file.xib; path = WordsViewController.xib; sourceTree = "<group>"; };
		C2603AC31C852BCD00D7C240 /* VoicesViewController.h */ = {isa = PBXFileReference; fileEncoding = 4; lastKnownFileType = sourcecode.c.h; path = VoicesViewController.h; sourceTree = "<group>"; };
		C2603AC41C852BCD00D7C240 /* VoicesViewController.m */ = {isa = PBXFileReference; fileEncoding = 4; lastKnownFileType = sourcecode.c.objc; path = VoicesViewController.m; sourceTree = "<group>"; };
		C2603AC51C852BCD00D7C240 /* VoicesViewController.xib */ = {isa = PBXFileReference; fileEncoding = 4; lastKnownFileType = file.xib; path = VoicesViewController.xib; sourceTree = "<group>"; };
		C2603ACD1C852BF100D7C240 /* SearchViewController.h */ = {isa = PBXFileReference; fileEncoding = 4; lastKnownFileType = sourcecode.c.h; path = SearchViewController.h; sourceTree = "<group>"; };
		C2603ACE1C852BF100D7C240 /* SearchViewController.m */ = {isa = PBXFileReference; fileEncoding = 4; lastKnownFileType = sourcecode.c.objc; path = SearchViewController.m; sourceTree = "<group>"; };
		C2603ACF1C852BF100D7C240 /* SearchViewController.xib */ = {isa = PBXFileReference; fileEncoding = 4; lastKnownFileType = file.xib; path = SearchViewController.xib; sourceTree = "<group>"; };
		C2603AE21C85BB3200D7C240 /* MKAnnotationView+WebCache.h */ = {isa = PBXFileReference; fileEncoding = 4; lastKnownFileType = sourcecode.c.h; path = "MKAnnotationView+WebCache.h"; sourceTree = "<group>"; };
		C2603AE31C85BB3200D7C240 /* MKAnnotationView+WebCache.m */ = {isa = PBXFileReference; fileEncoding = 4; lastKnownFileType = sourcecode.c.objc; path = "MKAnnotationView+WebCache.m"; sourceTree = "<group>"; };
		C2603AE41C85BB3200D7C240 /* NSData+ImageContentType.h */ = {isa = PBXFileReference; fileEncoding = 4; lastKnownFileType = sourcecode.c.h; path = "NSData+ImageContentType.h"; sourceTree = "<group>"; };
		C2603AE51C85BB3200D7C240 /* NSData+ImageContentType.m */ = {isa = PBXFileReference; fileEncoding = 4; lastKnownFileType = sourcecode.c.objc; path = "NSData+ImageContentType.m"; sourceTree = "<group>"; };
		C2603AE61C85BB3200D7C240 /* SDImageCache.h */ = {isa = PBXFileReference; fileEncoding = 4; lastKnownFileType = sourcecode.c.h; path = SDImageCache.h; sourceTree = "<group>"; };
		C2603AE71C85BB3200D7C240 /* SDImageCache.m */ = {isa = PBXFileReference; fileEncoding = 4; lastKnownFileType = sourcecode.c.objc; path = SDImageCache.m; sourceTree = "<group>"; };
		C2603AE81C85BB3200D7C240 /* SDWebImageCompat.h */ = {isa = PBXFileReference; fileEncoding = 4; lastKnownFileType = sourcecode.c.h; path = SDWebImageCompat.h; sourceTree = "<group>"; };
		C2603AE91C85BB3200D7C240 /* SDWebImageCompat.m */ = {isa = PBXFileReference; fileEncoding = 4; lastKnownFileType = sourcecode.c.objc; path = SDWebImageCompat.m; sourceTree = "<group>"; };
		C2603AEA1C85BB3200D7C240 /* SDWebImageDecoder.h */ = {isa = PBXFileReference; fileEncoding = 4; lastKnownFileType = sourcecode.c.h; path = SDWebImageDecoder.h; sourceTree = "<group>"; };
		C2603AEB1C85BB3200D7C240 /* SDWebImageDecoder.m */ = {isa = PBXFileReference; fileEncoding = 4; lastKnownFileType = sourcecode.c.objc; path = SDWebImageDecoder.m; sourceTree = "<group>"; };
		C2603AEC1C85BB3200D7C240 /* SDWebImageDownloader.h */ = {isa = PBXFileReference; fileEncoding = 4; lastKnownFileType = sourcecode.c.h; path = SDWebImageDownloader.h; sourceTree = "<group>"; };
		C2603AED1C85BB3200D7C240 /* SDWebImageDownloader.m */ = {isa = PBXFileReference; fileEncoding = 4; lastKnownFileType = sourcecode.c.objc; path = SDWebImageDownloader.m; sourceTree = "<group>"; };
		C2603AEE1C85BB3200D7C240 /* SDWebImageDownloaderOperation.h */ = {isa = PBXFileReference; fileEncoding = 4; lastKnownFileType = sourcecode.c.h; path = SDWebImageDownloaderOperation.h; sourceTree = "<group>"; };
		C2603AEF1C85BB3200D7C240 /* SDWebImageDownloaderOperation.m */ = {isa = PBXFileReference; fileEncoding = 4; lastKnownFileType = sourcecode.c.objc; path = SDWebImageDownloaderOperation.m; sourceTree = "<group>"; };
		C2603AF01C85BB3200D7C240 /* SDWebImageManager.h */ = {isa = PBXFileReference; fileEncoding = 4; lastKnownFileType = sourcecode.c.h; path = SDWebImageManager.h; sourceTree = "<group>"; };
		C2603AF11C85BB3200D7C240 /* SDWebImageManager.m */ = {isa = PBXFileReference; fileEncoding = 4; lastKnownFileType = sourcecode.c.objc; path = SDWebImageManager.m; sourceTree = "<group>"; };
		C2603AF21C85BB3200D7C240 /* SDWebImageOperation.h */ = {isa = PBXFileReference; fileEncoding = 4; lastKnownFileType = sourcecode.c.h; path = SDWebImageOperation.h; sourceTree = "<group>"; };
		C2603AF31C85BB3200D7C240 /* SDWebImagePrefetcher.h */ = {isa = PBXFileReference; fileEncoding = 4; lastKnownFileType = sourcecode.c.h; path = SDWebImagePrefetcher.h; sourceTree = "<group>"; };
		C2603AF41C85BB3200D7C240 /* SDWebImagePrefetcher.m */ = {isa = PBXFileReference; fileEncoding = 4; lastKnownFileType = sourcecode.c.objc; path = SDWebImagePrefetcher.m; sourceTree = "<group>"; };
		C2603AF51C85BB3200D7C240 /* UIButton+WebCache.h */ = {isa = PBXFileReference; fileEncoding = 4; lastKnownFileType = sourcecode.c.h; path = "UIButton+WebCache.h"; sourceTree = "<group>"; };
		C2603AF61C85BB3200D7C240 /* UIButton+WebCache.m */ = {isa = PBXFileReference; fileEncoding = 4; lastKnownFileType = sourcecode.c.objc; path = "UIButton+WebCache.m"; sourceTree = "<group>"; };
		C2603AF71C85BB3200D7C240 /* UIImage+GIF.h */ = {isa = PBXFileReference; fileEncoding = 4; lastKnownFileType = sourcecode.c.h; path = "UIImage+GIF.h"; sourceTree = "<group>"; };
		C2603AF81C85BB3200D7C240 /* UIImage+GIF.m */ = {isa = PBXFileReference; fileEncoding = 4; lastKnownFileType = sourcecode.c.objc; path = "UIImage+GIF.m"; sourceTree = "<group>"; };
		C2603AF91C85BB3200D7C240 /* UIImage+MultiFormat.h */ = {isa = PBXFileReference; fileEncoding = 4; lastKnownFileType = sourcecode.c.h; path = "UIImage+MultiFormat.h"; sourceTree = "<group>"; };
		C2603AFA1C85BB3200D7C240 /* UIImage+MultiFormat.m */ = {isa = PBXFileReference; fileEncoding = 4; lastKnownFileType = sourcecode.c.objc; path = "UIImage+MultiFormat.m"; sourceTree = "<group>"; };
		C2603AFB1C85BB3200D7C240 /* UIImage+WebP.h */ = {isa = PBXFileReference; fileEncoding = 4; lastKnownFileType = sourcecode.c.h; path = "UIImage+WebP.h"; sourceTree = "<group>"; };
		C2603AFC1C85BB3200D7C240 /* UIImage+WebP.m */ = {isa = PBXFileReference; fileEncoding = 4; lastKnownFileType = sourcecode.c.objc; path = "UIImage+WebP.m"; sourceTree = "<group>"; };
		C2603AFD1C85BB3200D7C240 /* UIImageView+HighlightedWebCache.h */ = {isa = PBXFileReference; fileEncoding = 4; lastKnownFileType = sourcecode.c.h; path = "UIImageView+HighlightedWebCache.h"; sourceTree = "<group>"; };
		C2603AFE1C85BB3200D7C240 /* UIImageView+HighlightedWebCache.m */ = {isa = PBXFileReference; fileEncoding = 4; lastKnownFileType = sourcecode.c.objc; path = "UIImageView+HighlightedWebCache.m"; sourceTree = "<group>"; };
		C2603AFF1C85BB3200D7C240 /* UIImageView+WebCache.h */ = {isa = PBXFileReference; fileEncoding = 4; lastKnownFileType = sourcecode.c.h; path = "UIImageView+WebCache.h"; sourceTree = "<group>"; };
		C2603B001C85BB3200D7C240 /* UIImageView+WebCache.m */ = {isa = PBXFileReference; fileEncoding = 4; lastKnownFileType = sourcecode.c.objc; path = "UIImageView+WebCache.m"; sourceTree = "<group>"; };
		C2603B011C85BB3200D7C240 /* UIView+WebCacheOperation.h */ = {isa = PBXFileReference; fileEncoding = 4; lastKnownFileType = sourcecode.c.h; path = "UIView+WebCacheOperation.h"; sourceTree = "<group>"; };
		C2603B021C85BB3200D7C240 /* UIView+WebCacheOperation.m */ = {isa = PBXFileReference; fileEncoding = 4; lastKnownFileType = sourcecode.c.objc; path = "UIView+WebCacheOperation.m"; sourceTree = "<group>"; };
		C2603B131C85C19600D7C240 /* XiangqingViewController.h */ = {isa = PBXFileReference; fileEncoding = 4; lastKnownFileType = sourcecode.c.h; path = XiangqingViewController.h; sourceTree = "<group>"; };
		C2603B141C85C19600D7C240 /* XiangqingViewController.m */ = {isa = PBXFileReference; fileEncoding = 4; lastKnownFileType = sourcecode.c.objc; path = XiangqingViewController.m; sourceTree = "<group>"; };
		C2603B151C85C19600D7C240 /* XiangqingViewController.xib */ = {isa = PBXFileReference; fileEncoding = 4; lastKnownFileType = file.xib; path = XiangqingViewController.xib; sourceTree = "<group>"; };
		C2603B191C85DFE300D7C240 /* UIView+YALConstraints.h */ = {isa = PBXFileReference; fileEncoding = 4; lastKnownFileType = sourcecode.c.h; path = "UIView+YALConstraints.h"; sourceTree = "<group>"; };
		C2603B1A1C85DFE300D7C240 /* UIView+YALConstraints.m */ = {isa = PBXFileReference; fileEncoding = 4; lastKnownFileType = sourcecode.c.objc; path = "UIView+YALConstraints.m"; sourceTree = "<group>"; };
		C2603B1B1C85DFE300D7C240 /* YALContextMenuCell.h */ = {isa = PBXFileReference; fileEncoding = 4; lastKnownFileType = sourcecode.c.h; path = YALContextMenuCell.h; sourceTree = "<group>"; };
		C2603B1C1C85DFE300D7C240 /* YALContextMenuTableView.h */ = {isa = PBXFileReference; fileEncoding = 4; lastKnownFileType = sourcecode.c.h; path = YALContextMenuTableView.h; sourceTree = "<group>"; };
		C2603B1D1C85DFE300D7C240 /* YALContextMenuTableView.m */ = {isa = PBXFileReference; fileEncoding = 4; lastKnownFileType = sourcecode.c.objc; path = YALContextMenuTableView.m; sourceTree = "<group>"; };
		C2603B231C85E16400D7C240 /* YALNavigationBar.h */ = {isa = PBXFileReference; fileEncoding = 4; lastKnownFileType = sourcecode.c.h; path = YALNavigationBar.h; sourceTree = "<group>"; };
		C2603B241C85E16400D7C240 /* YALNavigationBar.m */ = {isa = PBXFileReference; fileEncoding = 4; lastKnownFileType = sourcecode.c.objc; path = YALNavigationBar.m; sourceTree = "<group>"; };
		C293742E1C882C4F00D1ABD3 /* LoginViewController.h */ = {isa = PBXFileReference; fileEncoding = 4; lastKnownFileType = sourcecode.c.h; path = LoginViewController.h; sourceTree = "<group>"; };
		C293742F1C882C4F00D1ABD3 /* LoginViewController.m */ = {isa = PBXFileReference; fileEncoding = 4; lastKnownFileType = sourcecode.c.objc; path = LoginViewController.m; sourceTree = "<group>"; };
		C29374331C88306400D1ABD3 /* PicViewController.h */ = {isa = PBXFileReference; fileEncoding = 4; lastKnownFileType = sourcecode.c.h; name = PicViewController.h; path = MindSpace/Classes/ViewControllers/PicViewController.h; sourceTree = SOURCE_ROOT; };
		C29374341C88306400D1ABD3 /* PicViewController.m */ = {isa = PBXFileReference; fileEncoding = 4; lastKnownFileType = sourcecode.c.objc; name = PicViewController.m; path = MindSpace/Classes/ViewControllers/PicViewController.m; sourceTree = SOURCE_ROOT; };
		C29374351C88306400D1ABD3 /* PicViewController.xib */ = {isa = PBXFileReference; fileEncoding = 4; lastKnownFileType = file.xib; name = PicViewController.xib; path = MindSpace/Classes/ViewControllers/PicViewController.xib; sourceTree = SOURCE_ROOT; };
		C2ABF1C41C86810A00A1F2CE /* Sear3DViewController.h */ = {isa = PBXFileReference; fileEncoding = 4; lastKnownFileType = sourcecode.c.h; path = Sear3DViewController.h; sourceTree = "<group>"; };
		C2ABF1C51C86810A00A1F2CE /* Sear3DViewController.m */ = {isa = PBXFileReference; fileEncoding = 4; lastKnownFileType = sourcecode.c.objc; path = Sear3DViewController.m; sourceTree = "<group>"; };
		C2ABF1C61C86810A00A1F2CE /* Sear3DViewController.xib */ = {isa = PBXFileReference; fileEncoding = 4; lastKnownFileType = file.xib; path = Sear3DViewController.xib; sourceTree = "<group>"; };
		C2ABF1CA1C86C4D000A1F2CE /* MJRefresh.bundle */ = {isa = PBXFileReference; lastKnownFileType = "wrapper.plug-in"; path = MJRefresh.bundle; sourceTree = "<group>"; };
		C2ABF1CB1C86C4D000A1F2CE /* MJRefresh.h */ = {isa = PBXFileReference; fileEncoding = 4; lastKnownFileType = sourcecode.c.h; path = MJRefresh.h; sourceTree = "<group>"; };
		C2ABF1CC1C86C4D000A1F2CE /* MJRefreshBaseView.h */ = {isa = PBXFileReference; fileEncoding = 4; lastKnownFileType = sourcecode.c.h; path = MJRefreshBaseView.h; sourceTree = "<group>"; };
		C2ABF1CD1C86C4D000A1F2CE /* MJRefreshBaseView.m */ = {isa = PBXFileReference; fileEncoding = 4; lastKnownFileType = sourcecode.c.objc; path = MJRefreshBaseView.m; sourceTree = "<group>"; };
		C2ABF1CE1C86C4D000A1F2CE /* MJRefreshConst.h */ = {isa = PBXFileReference; fileEncoding = 4; lastKnownFileType = sourcecode.c.h; path = MJRefreshConst.h; sourceTree = "<group>"; };
		C2ABF1CF1C86C4D000A1F2CE /* MJRefreshConst.m */ = {isa = PBXFileReference; fileEncoding = 4; lastKnownFileType = sourcecode.c.objc; path = MJRefreshConst.m; sourceTree = "<group>"; };
		C2ABF1D01C86C4D000A1F2CE /* MJRefreshFooterView.h */ = {isa = PBXFileReference; fileEncoding = 4; lastKnownFileType = sourcecode.c.h; path = MJRefreshFooterView.h; sourceTree = "<group>"; };
		C2ABF1D11C86C4D000A1F2CE /* MJRefreshFooterView.m */ = {isa = PBXFileReference; fileEncoding = 4; lastKnownFileType = sourcecode.c.objc; path = MJRefreshFooterView.m; sourceTree = "<group>"; };
		C2ABF1D21C86C4D000A1F2CE /* MJRefreshHeaderView.h */ = {isa = PBXFileReference; fileEncoding = 4; lastKnownFileType = sourcecode.c.h; path = MJRefreshHeaderView.h; sourceTree = "<group>"; };
		C2ABF1D31C86C4D000A1F2CE /* MJRefreshHeaderView.m */ = {isa = PBXFileReference; fileEncoding = 4; lastKnownFileType = sourcecode.c.objc; path = MJRefreshHeaderView.m; sourceTree = "<group>"; };
		C2ABF1D41C86C4D000A1F2CE /* UIScrollView+MJExtension.h */ = {isa = PBXFileReference; fileEncoding = 4; lastKnownFileType = sourcecode.c.h; path = "UIScrollView+MJExtension.h"; sourceTree = "<group>"; };
		C2ABF1D51C86C4D000A1F2CE /* UIScrollView+MJExtension.m */ = {isa = PBXFileReference; fileEncoding = 4; lastKnownFileType = sourcecode.c.objc; path = "UIScrollView+MJExtension.m"; sourceTree = "<group>"; };
		C2ABF1D61C86C4D000A1F2CE /* UIScrollView+MJRefresh.h */ = {isa = PBXFileReference; fileEncoding = 4; lastKnownFileType = sourcecode.c.h; path = "UIScrollView+MJRefresh.h"; sourceTree = "<group>"; };
		C2ABF1D71C86C4D000A1F2CE /* UIScrollView+MJRefresh.m */ = {isa = PBXFileReference; fileEncoding = 4; lastKnownFileType = sourcecode.c.objc; path = "UIScrollView+MJRefresh.m"; sourceTree = "<group>"; };
		C2ABF1D81C86C4D000A1F2CE /* UIView+MJExtension.h */ = {isa = PBXFileReference; fileEncoding = 4; lastKnownFileType = sourcecode.c.h; path = "UIView+MJExtension.h"; sourceTree = "<group>"; };
		C2ABF1D91C86C4D000A1F2CE /* UIView+MJExtension.m */ = {isa = PBXFileReference; fileEncoding = 4; lastKnownFileType = sourcecode.c.objc; path = "UIView+MJExtension.m"; sourceTree = "<group>"; };
		C2F04F581C8982F800665F1B /* 1.jpg */ = {isa = PBXFileReference; lastKnownFileType = image.jpeg; path = 1.jpg; sourceTree = "<group>"; };
		C2F04F591C8982F800665F1B /* 111.jpg */ = {isa = PBXFileReference; lastKnownFileType = image.jpeg; path = 111.jpg; sourceTree = "<group>"; };
		C2F04F5A1C8982F800665F1B /* 2.jpg */ = {isa = PBXFileReference; lastKnownFileType = image.jpeg; path = 2.jpg; sourceTree = "<group>"; };
		C2F04F5B1C8982F800665F1B /* 3.jpg */ = {isa = PBXFileReference; lastKnownFileType = image.jpeg; path = 3.jpg; sourceTree = "<group>"; };
		C2F04F5C1C8982F800665F1B /* 4.jpg */ = {isa = PBXFileReference; lastKnownFileType = image.jpeg; path = 4.jpg; sourceTree = "<group>"; };
		C2F04F5D1C8982F800665F1B /* 5.jpg */ = {isa = PBXFileReference; lastKnownFileType = image.jpeg; path = 5.jpg; sourceTree = "<group>"; };
		C2F04F651C89830900665F1B /* ListHeaders.h */ = {isa = PBXFileReference; fileEncoding = 4; lastKnownFileType = sourcecode.c.h; path = ListHeaders.h; sourceTree = "<group>"; };
		C2F04F671C89831F00665F1B /* CQ_NetTools.h */ = {isa = PBXFileReference; fileEncoding = 4; lastKnownFileType = sourcecode.c.h; path = CQ_NetTools.h; sourceTree = "<group>"; };
		C2F04F681C89831F00665F1B /* CQ_NetTools.m */ = {isa = PBXFileReference; fileEncoding = 4; lastKnownFileType = sourcecode.c.objc; path = CQ_NetTools.m; sourceTree = "<group>"; };
		C2F04F691C89831F00665F1B /* JY_NetTools.h */ = {isa = PBXFileReference; fileEncoding = 4; lastKnownFileType = sourcecode.c.h; path = JY_NetTools.h; sourceTree = "<group>"; };
		C2F04F6A1C89831F00665F1B /* JY_NetTools.m */ = {isa = PBXFileReference; fileEncoding = 4; lastKnownFileType = sourcecode.c.objc; path = JY_NetTools.m; sourceTree = "<group>"; };
		C2F04F6B1C89831F00665F1B /* XU_DataBaseTool.h */ = {isa = PBXFileReference; fileEncoding = 4; lastKnownFileType = sourcecode.c.h; path = XU_DataBaseTool.h; sourceTree = "<group>"; };
		C2F04F6C1C89831F00665F1B /* XU_DataBaseTool.m */ = {isa = PBXFileReference; fileEncoding = 4; lastKnownFileType = sourcecode.c.objc; path = XU_DataBaseTool.m; sourceTree = "<group>"; };
		C2F04F711C89833B00665F1B /* HomeModel.h */ = {isa = PBXFileReference; fileEncoding = 4; lastKnownFileType = sourcecode.c.h; path = HomeModel.h; sourceTree = "<group>"; };
		C2F04F721C89833B00665F1B /* HomeModel.m */ = {isa = PBXFileReference; fileEncoding = 4; lastKnownFileType = sourcecode.c.objc; path = HomeModel.m; sourceTree = "<group>"; };
		C2F04F731C89833B00665F1B /* Person.h */ = {isa = PBXFileReference; fileEncoding = 4; lastKnownFileType = sourcecode.c.h; path = Person.h; sourceTree = "<group>"; };
		C2F04F741C89833B00665F1B /* Person.m */ = {isa = PBXFileReference; fileEncoding = 4; lastKnownFileType = sourcecode.c.objc; path = Person.m; sourceTree = "<group>"; };
		C2F04F751C89833B00665F1B /* UserData.h */ = {isa = PBXFileReference; fileEncoding = 4; lastKnownFileType = sourcecode.c.h; path = UserData.h; sourceTree = "<group>"; };
		C2F04F761C89833B00665F1B /* UserData.m */ = {isa = PBXFileReference; fileEncoding = 4; lastKnownFileType = sourcecode.c.objc; path = UserData.m; sourceTree = "<group>"; };
		C2F04F771C89833B00665F1B /* UserInformation.h */ = {isa = PBXFileReference; fileEncoding = 4; lastKnownFileType = sourcecode.c.h; path = UserInformation.h; sourceTree = "<group>"; };
		C2F04F781C89833B00665F1B /* UserInformation.m */ = {isa = PBXFileReference; fileEncoding = 4; lastKnownFileType = sourcecode.c.objc; path = UserInformation.m; sourceTree = "<group>"; };
		C2F04F791C89833B00665F1B /* WordModel.h */ = {isa = PBXFileReference; fileEncoding = 4; lastKnownFileType = sourcecode.c.h; path = WordModel.h; sourceTree = "<group>"; };
		C2F04F7A1C89833B00665F1B /* WordModel.m */ = {isa = PBXFileReference; fileEncoding = 4; lastKnownFileType = sourcecode.c.objc; path = WordModel.m; sourceTree = "<group>"; };
		C2F04F801C89838800665F1B /* HomeTableViewCell.h */ = {isa = PBXFileReference; fileEncoding = 4; lastKnownFileType = sourcecode.c.h; name = HomeTableViewCell.h; path = MindSpace/Classes/views/HomeTableViewCell.h; sourceTree = SOURCE_ROOT; };
		C2F04F811C89838800665F1B /* HomeTableViewCell.m */ = {isa = PBXFileReference; fileEncoding = 4; lastKnownFileType = sourcecode.c.objc; name = HomeTableViewCell.m; path = MindSpace/Classes/views/HomeTableViewCell.m; sourceTree = SOURCE_ROOT; };
		C2F04F821C89838800665F1B /* HomeTableViewCell.xib */ = {isa = PBXFileReference; fileEncoding = 4; lastKnownFileType = file.xib; name = HomeTableViewCell.xib; path = MindSpace/Classes/views/HomeTableViewCell.xib; sourceTree = SOURCE_ROOT; };
		C2F04F851C8983B200665F1B /* PictureView.h */ = {isa = PBXFileReference; fileEncoding = 4; lastKnownFileType = sourcecode.c.h; name = PictureView.h; path = MindSpace/Classes/views/PictureView.h; sourceTree = SOURCE_ROOT; };
		C2F04F861C8983B200665F1B /* PictureView.m */ = {isa = PBXFileReference; fileEncoding = 4; lastKnownFileType = sourcecode.c.objc; name = PictureView.m; path = MindSpace/Classes/views/PictureView.m; sourceTree = SOURCE_ROOT; };
		C2F04F881C8983E300665F1B /* TableViewCell.h */ = {isa = PBXFileReference; fileEncoding = 4; lastKnownFileType = sourcecode.c.h; name = TableViewCell.h; path = MindSpace/Classes/views/TableViewCell.h; sourceTree = SOURCE_ROOT; };
		C2F04F891C8983E300665F1B /* TableViewCell.m */ = {isa = PBXFileReference; fileEncoding = 4; lastKnownFileType = sourcecode.c.objc; name = TableViewCell.m; path = MindSpace/Classes/views/TableViewCell.m; sourceTree = SOURCE_ROOT; };
		C2F04F8A1C8983E300665F1B /* TableViewCell.xib */ = {isa = PBXFileReference; fileEncoding = 4; lastKnownFileType = file.xib; name = TableViewCell.xib; path = MindSpace/Classes/views/TableViewCell.xib; sourceTree = SOURCE_ROOT; };
		C2F04F8B1C8983E300665F1B /* XiangTableViewCell.h */ = {isa = PBXFileReference; fileEncoding = 4; lastKnownFileType = sourcecode.c.h; name = XiangTableViewCell.h; path = MindSpace/Classes/views/XiangTableViewCell.h; sourceTree = SOURCE_ROOT; };
		C2F04F8C1C8983E300665F1B /* XiangTableViewCell.m */ = {isa = PBXFileReference; fileEncoding = 4; lastKnownFileType = sourcecode.c.objc; name = XiangTableViewCell.m; path = MindSpace/Classes/views/XiangTableViewCell.m; sourceTree = SOURCE_ROOT; };
		C2F04F8D1C8983E300665F1B /* XiangTableViewCell.xib */ = {isa = PBXFileReference; fileEncoding = 4; lastKnownFileType = file.xib; name = XiangTableViewCell.xib; path = MindSpace/Classes/views/XiangTableViewCell.xib; sourceTree = SOURCE_ROOT; };
		C2F04F921C89841700665F1B /* RigrhtViewController.h */ = {isa = PBXFileReference; fileEncoding = 4; lastKnownFileType = sourcecode.c.h; path = RigrhtViewController.h; sourceTree = "<group>"; };
		C2F04F931C89841700665F1B /* RigrhtViewController.m */ = {isa = PBXFileReference; fileEncoding = 4; lastKnownFileType = sourcecode.c.objc; path = RigrhtViewController.m; sourceTree = "<group>"; };
		C2F04F941C89841700665F1B /* RigrhtViewController.xib */ = {isa = PBXFileReference; fileEncoding = 4; lastKnownFileType = file.xib; path = RigrhtViewController.xib; sourceTree = "<group>"; };
		C2F04F991C89BE4400665F1B /* 2.png */ = {isa = PBXFileReference; lastKnownFileType = image.png; path = 2.png; sourceTree = "<group>"; };
		C2F280D21C891EAF00CF0766 /* HomeDetailViewController.h */ = {isa = PBXFileReference; fileEncoding = 4; lastKnownFileType = sourcecode.c.h; path = HomeDetailViewController.h; sourceTree = "<group>"; };
		C2F280D31C891EAF00CF0766 /* HomeDetailViewController.m */ = {isa = PBXFileReference; fileEncoding = 4; lastKnownFileType = sourcecode.c.objc; path = HomeDetailViewController.m; sourceTree = "<group>"; };
		C2F280D91C891EAF00CF0766 /* HomeViewController.h */ = {isa = PBXFileReference; fileEncoding = 4; lastKnownFileType = sourcecode.c.h; path = HomeViewController.h; sourceTree = "<group>"; };
		C2F280DA1C891EAF00CF0766 /* HomeViewController.m */ = {isa = PBXFileReference; fileEncoding = 4; lastKnownFileType = sourcecode.c.objc; path = HomeViewController.m; sourceTree = "<group>"; };
/* End PBXFileReference section */

/* Begin PBXFrameworksBuildPhase section */
		C23776D51C8524A200FF04A5 /* Frameworks */ = {
			isa = PBXFrameworksBuildPhase;
			buildActionMask = 2147483647;
			files = (
				C24E17CC1C8978DC00DC5562 /* libsqlite3.0.tbd in Frameworks */,
			);
			runOnlyForDeploymentPostprocessing = 0;
		};
/* End PBXFrameworksBuildPhase section */

/* Begin PBXGroup section */
		C23776CF1C8524A200FF04A5 = {
			isa = PBXGroup;
			children = (
				C24E17CB1C8978DC00DC5562 /* libsqlite3.0.tbd */,
				C23776DA1C8524A200FF04A5 /* MindSpace */,
				C23776D91C8524A200FF04A5 /* Products */,
			);
			sourceTree = "<group>";
		};
		C23776D91C8524A200FF04A5 /* Products */ = {
			isa = PBXGroup;
			children = (
				C23776D81C8524A200FF04A5 /* MindSpace.app */,
			);
			name = Products;
			sourceTree = "<group>";
		};
		C23776DA1C8524A200FF04A5 /* MindSpace */ = {
			isa = PBXGroup;
			children = (
				C23776DE1C8524A200FF04A5 /* AppDelegate.h */,
				C23776DF1C8524A200FF04A5 /* AppDelegate.m */,
				C2603AA21C8527CC00D7C240 /* Classes */,
				C23776E11C8524A200FF04A5 /* ViewController.h */,
				C23776E21C8524A200FF04A5 /* ViewController.m */,
				C23776E41C8524A200FF04A5 /* Main.storyboard */,
				C2603ABB1C852A5D00D7C240 /* fenlei.png */,
				C23776E71C8524A200FF04A5 /* Assets.xcassets */,
				C23776E91C8524A200FF04A5 /* LaunchScreen.storyboard */,
				C23776EC1C8524A300FF04A5 /* Info.plist */,
				C23776DB1C8524A200FF04A5 /* Supporting Files */,
			);
			path = MindSpace;
			sourceTree = "<group>";
		};
		C23776DB1C8524A200FF04A5 /* Supporting Files */ = {
			isa = PBXGroup;
			children = (
				C23776DC1C8524A200FF04A5 /* main.m */,
			);
			name = "Supporting Files";
			sourceTree = "<group>";
		};
		C2603AA21C8527CC00D7C240 /* Classes */ = {
			isa = PBXGroup;
			children = (
				C2F04F701C89833B00665F1B /* Model */,
				C2F04F661C89831F00665F1B /* tools */,
				C2F04F641C89830900665F1B /* Headers */,
				C2F04F571C8982F800665F1B /* images */,
				C2603AA41C8527CC00D7C240 /* Helps */,
				C2603AA61C8527CC00D7C240 /* ThirdParties */,
				C2603AA71C8527CC00D7C240 /* ViewControllers */,
				C2603AA81C8527CC00D7C240 /* Views */,
			);
			path = Classes;
			sourceTree = "<group>";
		};
		C2603AA41C8527CC00D7C240 /* Helps */ = {
			isa = PBXGroup;
			children = (
			);
			path = Helps;
			sourceTree = "<group>";
		};
		C2603AA61C8527CC00D7C240 /* ThirdParties */ = {
			isa = PBXGroup;
			children = (
				C2ABF1C91C86C4D000A1F2CE /* MJRefresh */,
				C2603B181C85DFE300D7C240 /* YALContextMenu */,
				C2603AE11C85BB3200D7C240 /* SDWebImage */,
				C2603AA91C85280300D7C240 /* RESideMenu */,
			);
			path = ThirdParties;
			sourceTree = "<group>";
		};
		C2603AA71C8527CC00D7C240 /* ViewControllers */ = {
			isa = PBXGroup;
			children = (
				C2F280D91C891EAF00CF0766 /* HomeViewController.h */,
				C2F280DA1C891EAF00CF0766 /* HomeViewController.m */,
				C2F280D21C891EAF00CF0766 /* HomeDetailViewController.h */,
				C2F280D31C891EAF00CF0766 /* HomeDetailViewController.m */,
				C24E17BC1C893B7200DC5562 /* registerViewController.h */,
				C24E17BD1C893B7200DC5562 /* registerViewController.m */,
				C293742D1C882C2900D1ABD3 /* Login */,
				C2603AB81C85286300D7C240 /* LeftViewController.h */,
				C2603AB91C85286300D7C240 /* LeftViewController.m */,
				C2603ABD1C852B7300D7C240 /* leftcontrolller */,
			);
			path = ViewControllers;
			sourceTree = "<group>";
		};
		C2603AA81C8527CC00D7C240 /* Views */ = {
			isa = PBXGroup;
			children = (
				C2F04F881C8983E300665F1B /* TableViewCell.h */,
				C2F04F891C8983E300665F1B /* TableViewCell.m */,
				C2F04F8A1C8983E300665F1B /* TableViewCell.xib */,
				C2F04F8B1C8983E300665F1B /* XiangTableViewCell.h */,
				C2F04F8C1C8983E300665F1B /* XiangTableViewCell.m */,
				C2F04F8D1C8983E300665F1B /* XiangTableViewCell.xib */,
				C2F04F851C8983B200665F1B /* PictureView.h */,
				C2F04F861C8983B200665F1B /* PictureView.m */,
				C2F04F801C89838800665F1B /* HomeTableViewCell.h */,
				C2F04F811C89838800665F1B /* HomeTableViewCell.m */,
				C2F04F821C89838800665F1B /* HomeTableViewCell.xib */,
				C29374331C88306400D1ABD3 /* PicViewController.h */,
				C29374341C88306400D1ABD3 /* PicViewController.m */,
				C29374351C88306400D1ABD3 /* PicViewController.xib */,
			);
			path = Views;
			sourceTree = "<group>";
		};
		C2603AA91C85280300D7C240 /* RESideMenu */ = {
			isa = PBXGroup;
			children = (
				C2603AAA1C85280300D7C240 /* RECommonFunctions.h */,
				C2603AAB1C85280300D7C240 /* RECommonFunctions.m */,
				C2603AAC1C85280300D7C240 /* RESideMenu.h */,
				C2603AAD1C85280300D7C240 /* RESideMenu.m */,
				C2603AAE1C85280300D7C240 /* UIViewController+RESideMenu.h */,
				C2603AAF1C85280300D7C240 /* UIViewController+RESideMenu.m */,
			);
			path = RESideMenu;
			sourceTree = "<group>";
		};
		C2603ABD1C852B7300D7C240 /* leftcontrolller */ = {
			isa = PBXGroup;
			children = (
				C29373EE1C87C4D300D1ABD3 /* XWQ三合一 */,
				C2F04F921C89841700665F1B /* RigrhtViewController.h */,
				C2F04F931C89841700665F1B /* RigrhtViewController.m */,
				C2F04F941C89841700665F1B /* RigrhtViewController.xib */,
				C2603AC31C852BCD00D7C240 /* VoicesViewController.h */,
				C2603AC41C852BCD00D7C240 /* VoicesViewController.m */,
				C2603AC51C852BCD00D7C240 /* VoicesViewController.xib */,
				C2603ACD1C852BF100D7C240 /* SearchViewController.h */,
				C2603ACE1C852BF100D7C240 /* SearchViewController.m */,
				C2603ACF1C852BF100D7C240 /* SearchViewController.xib */,
				C2ABF1C41C86810A00A1F2CE /* Sear3DViewController.h */,
				C2ABF1C51C86810A00A1F2CE /* Sear3DViewController.m */,
				C2ABF1C61C86810A00A1F2CE /* Sear3DViewController.xib */,
			);
			name = leftcontrolller;
			sourceTree = "<group>";
		};
		C2603AE11C85BB3200D7C240 /* SDWebImage */ = {
			isa = PBXGroup;
			children = (
				C2603AE21C85BB3200D7C240 /* MKAnnotationView+WebCache.h */,
				C2603AE31C85BB3200D7C240 /* MKAnnotationView+WebCache.m */,
				C2603AE41C85BB3200D7C240 /* NSData+ImageContentType.h */,
				C2603AE51C85BB3200D7C240 /* NSData+ImageContentType.m */,
				C2603AE61C85BB3200D7C240 /* SDImageCache.h */,
				C2603AE71C85BB3200D7C240 /* SDImageCache.m */,
				C2603AE81C85BB3200D7C240 /* SDWebImageCompat.h */,
				C2603AE91C85BB3200D7C240 /* SDWebImageCompat.m */,
				C2603AEA1C85BB3200D7C240 /* SDWebImageDecoder.h */,
				C2603AEB1C85BB3200D7C240 /* SDWebImageDecoder.m */,
				C2603AEC1C85BB3200D7C240 /* SDWebImageDownloader.h */,
				C2603AED1C85BB3200D7C240 /* SDWebImageDownloader.m */,
				C2603AEE1C85BB3200D7C240 /* SDWebImageDownloaderOperation.h */,
				C2603AEF1C85BB3200D7C240 /* SDWebImageDownloaderOperation.m */,
				C2603AF01C85BB3200D7C240 /* SDWebImageManager.h */,
				C2603AF11C85BB3200D7C240 /* SDWebImageManager.m */,
				C2603AF21C85BB3200D7C240 /* SDWebImageOperation.h */,
				C2603AF31C85BB3200D7C240 /* SDWebImagePrefetcher.h */,
				C2603AF41C85BB3200D7C240 /* SDWebImagePrefetcher.m */,
				C2603AF51C85BB3200D7C240 /* UIButton+WebCache.h */,
				C2603AF61C85BB3200D7C240 /* UIButton+WebCache.m */,
				C2603AF71C85BB3200D7C240 /* UIImage+GIF.h */,
				C2603AF81C85BB3200D7C240 /* UIImage+GIF.m */,
				C2603AF91C85BB3200D7C240 /* UIImage+MultiFormat.h */,
				C2603AFA1C85BB3200D7C240 /* UIImage+MultiFormat.m */,
				C2603AFB1C85BB3200D7C240 /* UIImage+WebP.h */,
				C2603AFC1C85BB3200D7C240 /* UIImage+WebP.m */,
				C2603AFD1C85BB3200D7C240 /* UIImageView+HighlightedWebCache.h */,
				C2603AFE1C85BB3200D7C240 /* UIImageView+HighlightedWebCache.m */,
				C2603AFF1C85BB3200D7C240 /* UIImageView+WebCache.h */,
				C2603B001C85BB3200D7C240 /* UIImageView+WebCache.m */,
				C2603B011C85BB3200D7C240 /* UIView+WebCacheOperation.h */,
				C2603B021C85BB3200D7C240 /* UIView+WebCacheOperation.m */,
			);
			path = SDWebImage;
			sourceTree = "<group>";
		};
		C2603B181C85DFE300D7C240 /* YALContextMenu */ = {
			isa = PBXGroup;
			children = (
				C2603B231C85E16400D7C240 /* YALNavigationBar.h */,
				C2603B241C85E16400D7C240 /* YALNavigationBar.m */,
				C2603B191C85DFE300D7C240 /* UIView+YALConstraints.h */,
				C2603B1A1C85DFE300D7C240 /* UIView+YALConstraints.m */,
				C2603B1B1C85DFE300D7C240 /* YALContextMenuCell.h */,
				C2603B1C1C85DFE300D7C240 /* YALContextMenuTableView.h */,
				C2603B1D1C85DFE300D7C240 /* YALContextMenuTableView.m */,
			);
			path = YALContextMenu;
			sourceTree = "<group>";
		};
		C29373EE1C87C4D300D1ABD3 /* XWQ三合一 */ = {
			isa = PBXGroup;
			children = (
				C2603ABE1C852BAB00D7C240 /* WordsViewController.h */,
				C2603ABF1C852BAB00D7C240 /* WordsViewController.m */,
				C2603AC01C852BAB00D7C240 /* WordsViewController.xib */,
				C2603B131C85C19600D7C240 /* XiangqingViewController.h */,
				C2603B141C85C19600D7C240 /* XiangqingViewController.m */,
				C2603B151C85C19600D7C240 /* XiangqingViewController.xib */,
			);
			name = "XWQ三合一";
			sourceTree = "<group>";
		};
		C293742D1C882C2900D1ABD3 /* Login */ = {
			isa = PBXGroup;
			children = (
				C293742E1C882C4F00D1ABD3 /* LoginViewController.h */,
				C293742F1C882C4F00D1ABD3 /* LoginViewController.m */,
			);
			name = Login;
			sourceTree = "<group>";
		};
		C2ABF1C91C86C4D000A1F2CE /* MJRefresh */ = {
			isa = PBXGroup;
			children = (
				C2ABF1CA1C86C4D000A1F2CE /* MJRefresh.bundle */,
				C2ABF1CB1C86C4D000A1F2CE /* MJRefresh.h */,
				C2ABF1CC1C86C4D000A1F2CE /* MJRefreshBaseView.h */,
				C2ABF1CD1C86C4D000A1F2CE /* MJRefreshBaseView.m */,
				C2ABF1CE1C86C4D000A1F2CE /* MJRefreshConst.h */,
				C2ABF1CF1C86C4D000A1F2CE /* MJRefreshConst.m */,
				C2ABF1D01C86C4D000A1F2CE /* MJRefreshFooterView.h */,
				C2ABF1D11C86C4D000A1F2CE /* MJRefreshFooterView.m */,
				C2ABF1D21C86C4D000A1F2CE /* MJRefreshHeaderView.h */,
				C2ABF1D31C86C4D000A1F2CE /* MJRefreshHeaderView.m */,
				C2ABF1D41C86C4D000A1F2CE /* UIScrollView+MJExtension.h */,
				C2ABF1D51C86C4D000A1F2CE /* UIScrollView+MJExtension.m */,
				C2ABF1D61C86C4D000A1F2CE /* UIScrollView+MJRefresh.h */,
				C2ABF1D71C86C4D000A1F2CE /* UIScrollView+MJRefresh.m */,
				C2ABF1D81C86C4D000A1F2CE /* UIView+MJExtension.h */,
				C2ABF1D91C86C4D000A1F2CE /* UIView+MJExtension.m */,
			);
			path = MJRefresh;
			sourceTree = "<group>";
		};
		C2F04F571C8982F800665F1B /* images */ = {
			isa = PBXGroup;
			children = (
				C2F04F581C8982F800665F1B /* 1.jpg */,
				C2F04F591C8982F800665F1B /* 111.jpg */,
				C2F04F5A1C8982F800665F1B /* 2.jpg */,
				C2F04F991C89BE4400665F1B /* 2.png */,
				C2F04F5B1C8982F800665F1B /* 3.jpg */,
				C2F04F5C1C8982F800665F1B /* 4.jpg */,
				C2F04F5D1C8982F800665F1B /* 5.jpg */,
			);
			path = images;
			sourceTree = "<group>";
		};
		C2F04F641C89830900665F1B /* Headers */ = {
			isa = PBXGroup;
			children = (
				C2F04F651C89830900665F1B /* ListHeaders.h */,
			);
			path = Headers;
			sourceTree = "<group>";
		};
		C2F04F661C89831F00665F1B /* tools */ = {
			isa = PBXGroup;
			children = (
				C2F04F671C89831F00665F1B /* CQ_NetTools.h */,
				C2F04F681C89831F00665F1B /* CQ_NetTools.m */,
				C2F04F691C89831F00665F1B /* JY_NetTools.h */,
				C2F04F6A1C89831F00665F1B /* JY_NetTools.m */,
				C2F04F6B1C89831F00665F1B /* XU_DataBaseTool.h */,
				C2F04F6C1C89831F00665F1B /* XU_DataBaseTool.m */,
			);
			path = tools;
			sourceTree = "<group>";
		};
		C2F04F701C89833B00665F1B /* Model */ = {
			isa = PBXGroup;
			children = (
				C2F04F711C89833B00665F1B /* HomeModel.h */,
				C2F04F721C89833B00665F1B /* HomeModel.m */,
				C2F04F731C89833B00665F1B /* Person.h */,
				C2F04F741C89833B00665F1B /* Person.m */,
				C2F04F751C89833B00665F1B /* UserData.h */,
				C2F04F761C89833B00665F1B /* UserData.m */,
				C2F04F771C89833B00665F1B /* UserInformation.h */,
				C2F04F781C89833B00665F1B /* UserInformation.m */,
				C2F04F791C89833B00665F1B /* WordModel.h */,
				C2F04F7A1C89833B00665F1B /* WordModel.m */,
			);
			path = Model;
			sourceTree = "<group>";
		};
/* End PBXGroup section */

/* Begin PBXNativeTarget section */
		C23776D71C8524A200FF04A5 /* MindSpace */ = {
			isa = PBXNativeTarget;
			buildConfigurationList = C23776EF1C8524A300FF04A5 /* Build configuration list for PBXNativeTarget "MindSpace" */;
			buildPhases = (
				C23776D41C8524A200FF04A5 /* Sources */,
				C23776D51C8524A200FF04A5 /* Frameworks */,
				C23776D61C8524A200FF04A5 /* Resources */,
			);
			buildRules = (
			);
			dependencies = (
			);
			name = MindSpace;
			productName = MindSpace;
			productReference = C23776D81C8524A200FF04A5 /* MindSpace.app */;
			productType = "com.apple.product-type.application";
		};
/* End PBXNativeTarget section */

/* Begin PBXProject section */
		C23776D01C8524A200FF04A5 /* Project object */ = {
			isa = PBXProject;
			attributes = {
				LastUpgradeCheck = 0720;
				ORGANIZATIONNAME = "侯彦栋，李金岩，徐未钱，姚行";
				TargetAttributes = {
					C23776D71C8524A200FF04A5 = {
						CreatedOnToolsVersion = 7.2;
					};
				};
			};
			buildConfigurationList = C23776D31C8524A200FF04A5 /* Build configuration list for PBXProject "MindSpace" */;
			compatibilityVersion = "Xcode 3.2";
			developmentRegion = English;
			hasScannedForEncodings = 0;
			knownRegions = (
				en,
				Base,
			);
			mainGroup = C23776CF1C8524A200FF04A5;
			productRefGroup = C23776D91C8524A200FF04A5 /* Products */;
			projectDirPath = "";
			projectRoot = "";
			targets = (
				C23776D71C8524A200FF04A5 /* MindSpace */,
			);
		};
/* End PBXProject section */

/* Begin PBXResourcesBuildPhase section */
		C23776D61C8524A200FF04A5 /* Resources */ = {
			isa = PBXResourcesBuildPhase;
			buildActionMask = 2147483647;
			files = (
				C2F04F621C8982F800665F1B /* 4.jpg in Resources */,
				C2F04F8F1C8983E300665F1B /* TableViewCell.xib in Resources */,
				C23776EB1C8524A200FF04A5 /* LaunchScreen.storyboard in Resources */,
				C2F04F601C8982F800665F1B /* 2.jpg in Resources */,
				C2F04F9A1C89BE4400665F1B /* 2.png in Resources */,
				C23776E81C8524A200FF04A5 /* Assets.xcassets in Resources */,
				C2ABF1DA1C86C4D000A1F2CE /* MJRefresh.bundle in Resources */,
				C2603B171C85C19600D7C240 /* XiangqingViewController.xib in Resources */,
				C2F04F911C8983E300665F1B /* XiangTableViewCell.xib in Resources */,
				C29374371C88306400D1ABD3 /* PicViewController.xib in Resources */,
				C2603ABC1C852A5D00D7C240 /* fenlei.png in Resources */,
				C2F04F5F1C8982F800665F1B /* 111.jpg in Resources */,
				C23776E61C8524A200FF04A5 /* Main.storyboard in Resources */,
				C2F04F841C89838800665F1B /* HomeTableViewCell.xib in Resources */,
				C2F04F611C8982F800665F1B /* 3.jpg in Resources */,
				C2ABF1C81C86810A00A1F2CE /* Sear3DViewController.xib in Resources */,
				C2603AC71C852BCD00D7C240 /* VoicesViewController.xib in Resources */,
				C2603AD11C852BF100D7C240 /* SearchViewController.xib in Resources */,
				C2F04F961C89841700665F1B /* RigrhtViewController.xib in Resources */,
				C2F04F631C8982F800665F1B /* 5.jpg in Resources */,
				C2F04F5E1C8982F800665F1B /* 1.jpg in Resources */,
				C2603AC21C852BAB00D7C240 /* WordsViewController.xib in Resources */,
			);
			runOnlyForDeploymentPostprocessing = 0;
		};
/* End PBXResourcesBuildPhase section */

/* Begin PBXSourcesBuildPhase section */
		C23776D41C8524A200FF04A5 /* Sources */ = {
			isa = PBXSourcesBuildPhase;
			buildActionMask = 2147483647;
			files = (
				C2F280DC1C891EAF00CF0766 /* HomeDetailViewController.m in Sources */,
				C2F04F7E1C89833B00665F1B /* UserInformation.m in Sources */,
				C2F04F7C1C89833B00665F1B /* Person.m in Sources */,
				C2F280E01C891EAF00CF0766 /* HomeViewController.m in Sources */,
				C2603B0E1C85BB3200D7C240 /* UIImage+MultiFormat.m in Sources */,
				C2603B0F1C85BB3200D7C240 /* UIImage+WebP.m in Sources */,
				C23776E31C8524A200FF04A5 /* ViewController.m in Sources */,
				C2ABF1DD1C86C4D000A1F2CE /* MJRefreshFooterView.m in Sources */,
				C2603B0A1C85BB3200D7C240 /* SDWebImageManager.m in Sources */,
				C2603B161C85C19600D7C240 /* XiangqingViewController.m in Sources */,
				C2603ABA1C85286300D7C240 /* LeftViewController.m in Sources */,
				C2F04F6F1C89831F00665F1B /* XU_DataBaseTool.m in Sources */,
				C2603B081C85BB3200D7C240 /* SDWebImageDownloader.m in Sources */,
				C2ABF1DF1C86C4D000A1F2CE /* UIScrollView+MJExtension.m in Sources */,
				C2603AC11C852BAB00D7C240 /* WordsViewController.m in Sources */,
				C23776E01C8524A200FF04A5 /* AppDelegate.m in Sources */,
				C2F04F951C89841700665F1B /* RigrhtViewController.m in Sources */,
				C2F04F7D1C89833B00665F1B /* UserData.m in Sources */,
				C29374311C882C4F00D1ABD3 /* LoginViewController.m in Sources */,
				C2ABF1E11C86C4D000A1F2CE /* UIView+MJExtension.m in Sources */,
				C23776DD1C8524A200FF04A5 /* main.m in Sources */,
				C2ABF1C71C86810A00A1F2CE /* Sear3DViewController.m in Sources */,
				C2F04F871C8983B200665F1B /* PictureView.m in Sources */,
				C2603B031C85BB3200D7C240 /* MKAnnotationView+WebCache.m in Sources */,
				C2603AC61C852BCD00D7C240 /* VoicesViewController.m in Sources */,
				C2603B1F1C85DFE300D7C240 /* YALContextMenuTableView.m in Sources */,
				C24E17BE1C893B7200DC5562 /* registerViewController.m in Sources */,
				C2603B041C85BB3200D7C240 /* NSData+ImageContentType.m in Sources */,
				C2603B0D1C85BB3200D7C240 /* UIImage+GIF.m in Sources */,
				C2603B0C1C85BB3200D7C240 /* UIButton+WebCache.m in Sources */,
				C2F04F7B1C89833B00665F1B /* HomeModel.m in Sources */,
				C2603AB11C85280300D7C240 /* RESideMenu.m in Sources */,
				C2ABF1DC1C86C4D000A1F2CE /* MJRefreshConst.m in Sources */,
				C2603B0B1C85BB3200D7C240 /* SDWebImagePrefetcher.m in Sources */,
				C2ABF1DB1C86C4D000A1F2CE /* MJRefreshBaseView.m in Sources */,
				C2F04F6E1C89831F00665F1B /* JY_NetTools.m in Sources */,
				C2ABF1DE1C86C4D000A1F2CE /* MJRefreshHeaderView.m in Sources */,
				C2603B1E1C85DFE300D7C240 /* UIView+YALConstraints.m in Sources */,
				C2603B071C85BB3200D7C240 /* SDWebImageDecoder.m in Sources */,
				C2F04F831C89838800665F1B /* HomeTableViewCell.m in Sources */,
				C2603B051C85BB3200D7C240 /* SDImageCache.m in Sources */,
				C2F04F6D1C89831F00665F1B /* CQ_NetTools.m in Sources */,
				C2F04F901C8983E300665F1B /* XiangTableViewCell.m in Sources */,
				C2603B061C85BB3200D7C240 /* SDWebImageCompat.m in Sources */,
				C2ABF1E01C86C4D000A1F2CE /* UIScrollView+MJRefresh.m in Sources */,
				C2603B121C85BB3200D7C240 /* UIView+WebCacheOperation.m in Sources */,
				C2603B251C85E16400D7C240 /* YALNavigationBar.m in Sources */,
				C2603AB01C85280300D7C240 /* RECommonFunctions.m in Sources */,
				C2F04F7F1C89833B00665F1B /* WordModel.m in Sources */,
				C2603B091C85BB3200D7C240 /* SDWebImageDownloaderOperation.m in Sources */,
				C2603AD01C852BF100D7C240 /* SearchViewController.m in Sources */,
				C2603B111C85BB3200D7C240 /* UIImageView+WebCache.m in Sources */,
				C2603B101C85BB3200D7C240 /* UIImageView+HighlightedWebCache.m in Sources */,
				C2603AB21C85280300D7C240 /* UIViewController+RESideMenu.m in Sources */,
				C2F04F8E1C8983E300665F1B /* TableViewCell.m in Sources */,
				C29374361C88306400D1ABD3 /* PicViewController.m in Sources */,
			);
			runOnlyForDeploymentPostprocessing = 0;
		};
/* End PBXSourcesBuildPhase section */

/* Begin PBXVariantGroup section */
		C23776E41C8524A200FF04A5 /* Main.storyboard */ = {
			isa = PBXVariantGroup;
			children = (
				C23776E51C8524A200FF04A5 /* Base */,
			);
			name = Main.storyboard;
			sourceTree = "<group>";
		};
		C23776E91C8524A200FF04A5 /* LaunchScreen.storyboard */ = {
			isa = PBXVariantGroup;
			children = (
				C23776EA1C8524A200FF04A5 /* Base */,
			);
			name = LaunchScreen.storyboard;
			sourceTree = "<group>";
		};
/* End PBXVariantGroup section */

/* Begin XCBuildConfiguration section */
		C23776ED1C8524A300FF04A5 /* Debug */ = {
			isa = XCBuildConfiguration;
			buildSettings = {
				ALWAYS_SEARCH_USER_PATHS = NO;
				CLANG_CXX_LANGUAGE_STANDARD = "gnu++0x";
				CLANG_CXX_LIBRARY = "libc++";
				CLANG_ENABLE_MODULES = YES;
				CLANG_ENABLE_OBJC_ARC = YES;
				CLANG_WARN_BOOL_CONVERSION = YES;
				CLANG_WARN_CONSTANT_CONVERSION = YES;
				CLANG_WARN_DIRECT_OBJC_ISA_USAGE = YES_ERROR;
				CLANG_WARN_EMPTY_BODY = YES;
				CLANG_WARN_ENUM_CONVERSION = YES;
				CLANG_WARN_INT_CONVERSION = YES;
				CLANG_WARN_OBJC_ROOT_CLASS = YES_ERROR;
				CLANG_WARN_UNREACHABLE_CODE = YES;
				CLANG_WARN__DUPLICATE_METHOD_MATCH = YES;
				"CODE_SIGN_IDENTITY[sdk=iphoneos*]" = "iPhone Developer";
				COPY_PHASE_STRIP = NO;
				DEBUG_INFORMATION_FORMAT = dwarf;
				ENABLE_STRICT_OBJC_MSGSEND = YES;
				ENABLE_TESTABILITY = YES;
				GCC_C_LANGUAGE_STANDARD = gnu99;
				GCC_DYNAMIC_NO_PIC = NO;
				GCC_NO_COMMON_BLOCKS = YES;
				GCC_OPTIMIZATION_LEVEL = 0;
				GCC_PREPROCESSOR_DEFINITIONS = (
					"DEBUG=1",
					"$(inherited)",
				);
				GCC_WARN_64_TO_32_BIT_CONVERSION = YES;
				GCC_WARN_ABOUT_RETURN_TYPE = YES_ERROR;
				GCC_WARN_UNDECLARED_SELECTOR = YES;
				GCC_WARN_UNINITIALIZED_AUTOS = YES_AGGRESSIVE;
				GCC_WARN_UNUSED_FUNCTION = YES;
				GCC_WARN_UNUSED_VARIABLE = YES;
				IPHONEOS_DEPLOYMENT_TARGET = 9.2;
				MTL_ENABLE_DEBUG_INFO = YES;
				ONLY_ACTIVE_ARCH = YES;
				SDKROOT = iphoneos;
			};
			name = Debug;
		};
		C23776EE1C8524A300FF04A5 /* Release */ = {
			isa = XCBuildConfiguration;
			buildSettings = {
				ALWAYS_SEARCH_USER_PATHS = NO;
				CLANG_CXX_LANGUAGE_STANDARD = "gnu++0x";
				CLANG_CXX_LIBRARY = "libc++";
				CLANG_ENABLE_MODULES = YES;
				CLANG_ENABLE_OBJC_ARC = YES;
				CLANG_WARN_BOOL_CONVERSION = YES;
				CLANG_WARN_CONSTANT_CONVERSION = YES;
				CLANG_WARN_DIRECT_OBJC_ISA_USAGE = YES_ERROR;
				CLANG_WARN_EMPTY_BODY = YES;
				CLANG_WARN_ENUM_CONVERSION = YES;
				CLANG_WARN_INT_CONVERSION = YES;
				CLANG_WARN_OBJC_ROOT_CLASS = YES_ERROR;
				CLANG_WARN_UNREACHABLE_CODE = YES;
				CLANG_WARN__DUPLICATE_METHOD_MATCH = YES;
				"CODE_SIGN_IDENTITY[sdk=iphoneos*]" = "iPhone Developer";
				COPY_PHASE_STRIP = NO;
				DEBUG_INFORMATION_FORMAT = "dwarf-with-dsym";
				ENABLE_NS_ASSERTIONS = NO;
				ENABLE_STRICT_OBJC_MSGSEND = YES;
				GCC_C_LANGUAGE_STANDARD = gnu99;
				GCC_NO_COMMON_BLOCKS = YES;
				GCC_WARN_64_TO_32_BIT_CONVERSION = YES;
				GCC_WARN_ABOUT_RETURN_TYPE = YES_ERROR;
				GCC_WARN_UNDECLARED_SELECTOR = YES;
				GCC_WARN_UNINITIALIZED_AUTOS = YES_AGGRESSIVE;
				GCC_WARN_UNUSED_FUNCTION = YES;
				GCC_WARN_UNUSED_VARIABLE = YES;
				IPHONEOS_DEPLOYMENT_TARGET = 9.2;
				MTL_ENABLE_DEBUG_INFO = NO;
				SDKROOT = iphoneos;
				VALIDATE_PRODUCT = YES;
			};
			name = Release;
		};
		C23776F01C8524A300FF04A5 /* Debug */ = {
			isa = XCBuildConfiguration;
			buildSettings = {
				ASSETCATALOG_COMPILER_APPICON_NAME = AppIcon;
				INFOPLIST_FILE = MindSpace/Info.plist;
				LD_RUNPATH_SEARCH_PATHS = "$(inherited) @executable_path/Frameworks";
				PRODUCT_BUNDLE_IDENTIFIER = lanou3g.MindSpace;
				PRODUCT_NAME = "$(TARGET_NAME)";
				USER_HEADER_SEARCH_PATHS = "";
			};
			name = Debug;
		};
		C23776F11C8524A300FF04A5 /* Release */ = {
			isa = XCBuildConfiguration;
			buildSettings = {
				ASSETCATALOG_COMPILER_APPICON_NAME = AppIcon;
				INFOPLIST_FILE = MindSpace/Info.plist;
				LD_RUNPATH_SEARCH_PATHS = "$(inherited) @executable_path/Frameworks";
				PRODUCT_BUNDLE_IDENTIFIER = lanou3g.MindSpace;
				PRODUCT_NAME = "$(TARGET_NAME)";
				USER_HEADER_SEARCH_PATHS = "";
			};
			name = Release;
		};
/* End XCBuildConfiguration section */

/* Begin XCConfigurationList section */
		C23776D31C8524A200FF04A5 /* Build configuration list for PBXProject "MindSpace" */ = {
			isa = XCConfigurationList;
			buildConfigurations = (
				C23776ED1C8524A300FF04A5 /* Debug */,
				C23776EE1C8524A300FF04A5 /* Release */,
			);
			defaultConfigurationIsVisible = 0;
			defaultConfigurationName = Release;
		};
		C23776EF1C8524A300FF04A5 /* Build configuration list for PBXNativeTarget "MindSpace" */ = {
			isa = XCConfigurationList;
			buildConfigurations = (
				C23776F01C8524A300FF04A5 /* Debug */,
				C23776F11C8524A300FF04A5 /* Release */,
			);
			defaultConfigurationIsVisible = 0;
			defaultConfigurationName = Release;
		};
/* End XCConfigurationList section */
	};
	rootObject = C23776D01C8524A200FF04A5 /* Project object */;
}
